// !$*UTF8*$!
{
	archiveVersion = 1;
	classes = {
	};
	objectVersion = 50;
	objects = {

/* Begin PBXBuildFile section */
		70504D8024F38E9A00D1346B /* RecordsListUseCase.swift in Sources */ = {isa = PBXBuildFile; fileRef = 70504D7F24F38E9A00D1346B /* RecordsListUseCase.swift */; };
		70504D8224F38EAE00D1346B /* RecordsListUseCaseImplementation.swift in Sources */ = {isa = PBXBuildFile; fileRef = 70504D8124F38EAE00D1346B /* RecordsListUseCaseImplementation.swift */; };
		70504D8424F38EBD00D1346B /* RecordsListViewModel.swift in Sources */ = {isa = PBXBuildFile; fileRef = 70504D8324F38EBD00D1346B /* RecordsListViewModel.swift */; };
		70504D8624F38ECD00D1346B /* RecordsListViewModelImplementation.swift in Sources */ = {isa = PBXBuildFile; fileRef = 70504D8524F38ECD00D1346B /* RecordsListViewModelImplementation.swift */; };
		70504D8824F38EDB00D1346B /* RecordsListView.swift in Sources */ = {isa = PBXBuildFile; fileRef = 70504D8724F38EDB00D1346B /* RecordsListView.swift */; };
		70504D8B24F3A9AC00D1346B /* RecordsTableViewCell.swift in Sources */ = {isa = PBXBuildFile; fileRef = 70504D8A24F3A9AC00D1346B /* RecordsTableViewCell.swift */; };
		70504D8E24F3A9DC00D1346B /* Record.swift in Sources */ = {isa = PBXBuildFile; fileRef = 70504D8D24F3A9DC00D1346B /* Record.swift */; };
		70504D9024F3AA8C00D1346B /* RecordsListViewController.swift in Sources */ = {isa = PBXBuildFile; fileRef = 70504D8F24F3AA8C00D1346B /* RecordsListViewController.swift */; };
		70504D9924F3AEB600D1346B /* NetworkClient.swift in Sources */ = {isa = PBXBuildFile; fileRef = 70504D9624F3AEB500D1346B /* NetworkClient.swift */; };
		70504D9C24F3AF8F00D1346B /* FetchRecordsRequest.swift in Sources */ = {isa = PBXBuildFile; fileRef = 70504D9B24F3AF8F00D1346B /* FetchRecordsRequest.swift */; };
		70504D9E24F4064400D1346B /* CachedImageView.swift in Sources */ = {isa = PBXBuildFile; fileRef = 70504D9D24F4064400D1346B /* CachedImageView.swift */; };
		7079BC3124F5652800C4169B /* RecordsListUILayout.swift in Sources */ = {isa = PBXBuildFile; fileRef = 7079BC3024F5652800C4169B /* RecordsListUILayout.swift */; };
		7079BC3324F5795900C4169B /* Constants.swift in Sources */ = {isa = PBXBuildFile; fileRef = 7079BC3224F5795900C4169B /* Constants.swift */; };
		7079BC3724F59C1500C4169B /* Record.swift in Sources */ = {isa = PBXBuildFile; fileRef = 7079BC3624F59C1500C4169B /* Record.swift */; };
		7079BC3924F59C1F00C4169B /* Error.swift in Sources */ = {isa = PBXBuildFile; fileRef = 7079BC3824F59C1F00C4169B /* Error.swift */; };
		7079BC3C24F59CD500C4169B /* RecordsListViewMock.swift in Sources */ = {isa = PBXBuildFile; fileRef = 7079BC3B24F59CD500C4169B /* RecordsListViewMock.swift */; };
		7079BC3E24F59CEB00C4169B /* RecordsListUseCaseMock.swift in Sources */ = {isa = PBXBuildFile; fileRef = 7079BC3D24F59CEB00C4169B /* RecordsListUseCaseMock.swift */; };
		7079BC4024F59D0200C4169B /* RecordsListTableCellMock.swift in Sources */ = {isa = PBXBuildFile; fileRef = 7079BC3F24F59D0200C4169B /* RecordsListTableCellMock.swift */; };
		7079BC4324F59F1F00C4169B /* RecordsListTests.swift in Sources */ = {isa = PBXBuildFile; fileRef = 7079BC4224F59F1F00C4169B /* RecordsListTests.swift */; };
		7079BC4824F5B54900C4169B /* CartView.swift in Sources */ = {isa = PBXBuildFile; fileRef = 7079BC4724F5B54900C4169B /* CartView.swift */; };
		7079BC4C24F5B55F00C4169B /* CartViewModel.swift in Sources */ = {isa = PBXBuildFile; fileRef = 7079BC4B24F5B55F00C4169B /* CartViewModel.swift */; };
		7079BC4E24F5B56E00C4169B /* CartViewModelImplementation.swift in Sources */ = {isa = PBXBuildFile; fileRef = 7079BC4D24F5B56E00C4169B /* CartViewModelImplementation.swift */; };
		7079BC5024F5B59000C4169B /* CartUILayout.swift in Sources */ = {isa = PBXBuildFile; fileRef = 7079BC4F24F5B59000C4169B /* CartUILayout.swift */; };
		7079BC5224F5B5BD00C4169B /* CartViewController.swift in Sources */ = {isa = PBXBuildFile; fileRef = 7079BC5124F5B5BD00C4169B /* CartViewController.swift */; };
		7079BC5524F5BDFF00C4169B /* CartViewMock.swift in Sources */ = {isa = PBXBuildFile; fileRef = 7079BC5424F5BDFF00C4169B /* CartViewMock.swift */; };
		7079BC5824F5BE3100C4169B /* CartTests.swift in Sources */ = {isa = PBXBuildFile; fileRef = 7079BC5724F5BE3100C4169B /* CartTests.swift */; };
		70A7F86224F2F7B90025B24B /* AppDelegate.swift in Sources */ = {isa = PBXBuildFile; fileRef = 70A7F86124F2F7B90025B24B /* AppDelegate.swift */; };
		70A7F86424F2F7B90025B24B /* SceneDelegate.swift in Sources */ = {isa = PBXBuildFile; fileRef = 70A7F86324F2F7B90025B24B /* SceneDelegate.swift */; };
		70A7F86B24F2F7BB0025B24B /* Assets.xcassets in Resources */ = {isa = PBXBuildFile; fileRef = 70A7F86A24F2F7BB0025B24B /* Assets.xcassets */; };
		70A7F86E24F2F7BB0025B24B /* LaunchScreen.storyboard in Resources */ = {isa = PBXBuildFile; fileRef = 70A7F86C24F2F7BB0025B24B /* LaunchScreen.storyboard */; };
/* End PBXBuildFile section */

/* Begin PBXContainerItemProxy section */
		70A7F87524F2F7BB0025B24B /* PBXContainerItemProxy */ = {
			isa = PBXContainerItemProxy;
			containerPortal = 70A7F85624F2F7B90025B24B /* Project object */;
			proxyType = 1;
			remoteGlobalIDString = 70A7F85D24F2F7B90025B24B;
			remoteInfo = MusicStore;
		};
/* End PBXContainerItemProxy section */

/* Begin PBXFileReference section */
		70504D7F24F38E9A00D1346B /* RecordsListUseCase.swift */ = {isa = PBXFileReference; lastKnownFileType = sourcecode.swift; path = RecordsListUseCase.swift; sourceTree = "<group>"; };
		70504D8124F38EAE00D1346B /* RecordsListUseCaseImplementation.swift */ = {isa = PBXFileReference; lastKnownFileType = sourcecode.swift; path = RecordsListUseCaseImplementation.swift; sourceTree = "<group>"; };
		70504D8324F38EBD00D1346B /* RecordsListViewModel.swift */ = {isa = PBXFileReference; lastKnownFileType = sourcecode.swift; path = RecordsListViewModel.swift; sourceTree = "<group>"; };
		70504D8524F38ECD00D1346B /* RecordsListViewModelImplementation.swift */ = {isa = PBXFileReference; lastKnownFileType = sourcecode.swift; path = RecordsListViewModelImplementation.swift; sourceTree = "<group>"; };
		70504D8724F38EDB00D1346B /* RecordsListView.swift */ = {isa = PBXFileReference; lastKnownFileType = sourcecode.swift; path = RecordsListView.swift; sourceTree = "<group>"; };
		70504D8A24F3A9AC00D1346B /* RecordsTableViewCell.swift */ = {isa = PBXFileReference; lastKnownFileType = sourcecode.swift; path = RecordsTableViewCell.swift; sourceTree = "<group>"; };
		70504D8D24F3A9DC00D1346B /* Record.swift */ = {isa = PBXFileReference; lastKnownFileType = sourcecode.swift; path = Record.swift; sourceTree = "<group>"; };
		70504D8F24F3AA8C00D1346B /* RecordsListViewController.swift */ = {isa = PBXFileReference; fileEncoding = 4; lastKnownFileType = sourcecode.swift; path = RecordsListViewController.swift; sourceTree = "<group>"; };
		70504D9624F3AEB500D1346B /* NetworkClient.swift */ = {isa = PBXFileReference; fileEncoding = 4; lastKnownFileType = sourcecode.swift; path = NetworkClient.swift; sourceTree = "<group>"; };
		70504D9B24F3AF8F00D1346B /* FetchRecordsRequest.swift */ = {isa = PBXFileReference; fileEncoding = 4; lastKnownFileType = sourcecode.swift; path = FetchRecordsRequest.swift; sourceTree = "<group>"; };
		70504D9D24F4064400D1346B /* CachedImageView.swift */ = {isa = PBXFileReference; fileEncoding = 4; lastKnownFileType = sourcecode.swift; path = CachedImageView.swift; sourceTree = "<group>"; };
		7079BC3024F5652800C4169B /* RecordsListUILayout.swift */ = {isa = PBXFileReference; lastKnownFileType = sourcecode.swift; path = RecordsListUILayout.swift; sourceTree = "<group>"; };
		7079BC3224F5795900C4169B /* Constants.swift */ = {isa = PBXFileReference; lastKnownFileType = sourcecode.swift; path = Constants.swift; sourceTree = "<group>"; };
		7079BC3624F59C1500C4169B /* Record.swift */ = {isa = PBXFileReference; lastKnownFileType = sourcecode.swift; path = Record.swift; sourceTree = "<group>"; };
		7079BC3824F59C1F00C4169B /* Error.swift */ = {isa = PBXFileReference; lastKnownFileType = sourcecode.swift; path = Error.swift; sourceTree = "<group>"; };
		7079BC3B24F59CD500C4169B /* RecordsListViewMock.swift */ = {isa = PBXFileReference; lastKnownFileType = sourcecode.swift; path = RecordsListViewMock.swift; sourceTree = "<group>"; };
		7079BC3D24F59CEB00C4169B /* RecordsListUseCaseMock.swift */ = {isa = PBXFileReference; lastKnownFileType = sourcecode.swift; path = RecordsListUseCaseMock.swift; sourceTree = "<group>"; };
		7079BC3F24F59D0200C4169B /* RecordsListTableCellMock.swift */ = {isa = PBXFileReference; lastKnownFileType = sourcecode.swift; path = RecordsListTableCellMock.swift; sourceTree = "<group>"; };
		7079BC4224F59F1F00C4169B /* RecordsListTests.swift */ = {isa = PBXFileReference; lastKnownFileType = sourcecode.swift; path = RecordsListTests.swift; sourceTree = "<group>"; };
		7079BC4724F5B54900C4169B /* CartView.swift */ = {isa = PBXFileReference; lastKnownFileType = sourcecode.swift; path = CartView.swift; sourceTree = "<group>"; };
		7079BC4B24F5B55F00C4169B /* CartViewModel.swift */ = {isa = PBXFileReference; lastKnownFileType = sourcecode.swift; path = CartViewModel.swift; sourceTree = "<group>"; };
		7079BC4D24F5B56E00C4169B /* CartViewModelImplementation.swift */ = {isa = PBXFileReference; lastKnownFileType = sourcecode.swift; path = CartViewModelImplementation.swift; sourceTree = "<group>"; };
		7079BC4F24F5B59000C4169B /* CartUILayout.swift */ = {isa = PBXFileReference; lastKnownFileType = sourcecode.swift; path = CartUILayout.swift; sourceTree = "<group>"; };
		7079BC5124F5B5BD00C4169B /* CartViewController.swift */ = {isa = PBXFileReference; lastKnownFileType = sourcecode.swift; path = CartViewController.swift; sourceTree = "<group>"; };
		7079BC5424F5BDFF00C4169B /* CartViewMock.swift */ = {isa = PBXFileReference; lastKnownFileType = sourcecode.swift; path = CartViewMock.swift; sourceTree = "<group>"; };
		7079BC5724F5BE3100C4169B /* CartTests.swift */ = {isa = PBXFileReference; lastKnownFileType = sourcecode.swift; path = CartTests.swift; sourceTree = "<group>"; };
		70A7F85E24F2F7B90025B24B /* MusicStore.app */ = {isa = PBXFileReference; explicitFileType = wrapper.application; includeInIndex = 0; path = MusicStore.app; sourceTree = BUILT_PRODUCTS_DIR; };
		70A7F86124F2F7B90025B24B /* AppDelegate.swift */ = {isa = PBXFileReference; lastKnownFileType = sourcecode.swift; path = AppDelegate.swift; sourceTree = "<group>"; };
		70A7F86324F2F7B90025B24B /* SceneDelegate.swift */ = {isa = PBXFileReference; lastKnownFileType = sourcecode.swift; path = SceneDelegate.swift; sourceTree = "<group>"; };
		70A7F86A24F2F7BB0025B24B /* Assets.xcassets */ = {isa = PBXFileReference; lastKnownFileType = folder.assetcatalog; path = Assets.xcassets; sourceTree = "<group>"; };
		70A7F86D24F2F7BB0025B24B /* Base */ = {isa = PBXFileReference; lastKnownFileType = file.storyboard; name = Base; path = Base.lproj/LaunchScreen.storyboard; sourceTree = "<group>"; };
		70A7F86F24F2F7BB0025B24B /* Info.plist */ = {isa = PBXFileReference; lastKnownFileType = text.plist.xml; path = Info.plist; sourceTree = "<group>"; };
		70A7F87424F2F7BB0025B24B /* MusicStoreTests.xctest */ = {isa = PBXFileReference; explicitFileType = wrapper.cfbundle; includeInIndex = 0; path = MusicStoreTests.xctest; sourceTree = BUILT_PRODUCTS_DIR; };
		70A7F87A24F2F7BB0025B24B /* Info.plist */ = {isa = PBXFileReference; lastKnownFileType = text.plist.xml; path = Info.plist; sourceTree = "<group>"; };
/* End PBXFileReference section */

/* Begin PBXFrameworksBuildPhase section */
		70A7F85B24F2F7B90025B24B /* Frameworks */ = {
			isa = PBXFrameworksBuildPhase;
			buildActionMask = 2147483647;
			files = (
			);
			runOnlyForDeploymentPostprocessing = 0;
		};
		70A7F87124F2F7BB0025B24B /* Frameworks */ = {
			isa = PBXFrameworksBuildPhase;
			buildActionMask = 2147483647;
			files = (
			);
			runOnlyForDeploymentPostprocessing = 0;
		};
/* End PBXFrameworksBuildPhase section */

/* Begin PBXGroup section */
		70504D7224F38B2F00D1346B /* App */ = {
			isa = PBXGroup;
			children = (
				70A7F86124F2F7B90025B24B /* AppDelegate.swift */,
				70A7F86324F2F7B90025B24B /* SceneDelegate.swift */,
			);
			path = App;
			sourceTree = "<group>";
		};
		70504D7424F38B5400D1346B /* Utils */ = {
			isa = PBXGroup;
			children = (
				70504D9D24F4064400D1346B /* CachedImageView.swift */,
			);
			path = Utils;
			sourceTree = "<group>";
		};
		70504D7524F38B6D00D1346B /* Scenes */ = {
			isa = PBXGroup;
			children = (
				70504D7624F38BB600D1346B /* RecordsList */,
				7079BC4424F5B4E300C4169B /* Cart */,
			);
			path = Scenes;
			sourceTree = "<group>";
		};
		70504D7624F38BB600D1346B /* RecordsList */ = {
			isa = PBXGroup;
			children = (
				70504D7924F38DFF00D1346B /* View */,
				70504D7A24F38E0A00D1346B /* ViewModel */,
				70504D7B24F38E3D00D1346B /* UseCases */,
			);
			path = RecordsList;
			sourceTree = "<group>";
		};
		70504D7924F38DFF00D1346B /* View */ = {
			isa = PBXGroup;
			children = (
				70504D8724F38EDB00D1346B /* RecordsListView.swift */,
				7079BC3024F5652800C4169B /* RecordsListUILayout.swift */,
				70504D8F24F3AA8C00D1346B /* RecordsListViewController.swift */,
			);
			path = View;
			sourceTree = "<group>";
		};
		70504D7A24F38E0A00D1346B /* ViewModel */ = {
			isa = PBXGroup;
			children = (
				70504D8324F38EBD00D1346B /* RecordsListViewModel.swift */,
				70504D8524F38ECD00D1346B /* RecordsListViewModelImplementation.swift */,
			);
			path = ViewModel;
			sourceTree = "<group>";
		};
		70504D7B24F38E3D00D1346B /* UseCases */ = {
			isa = PBXGroup;
			children = (
				70504D7F24F38E9A00D1346B /* RecordsListUseCase.swift */,
				70504D8124F38EAE00D1346B /* RecordsListUseCaseImplementation.swift */,
			);
			path = UseCases;
			sourceTree = "<group>";
		};
		70504D8924F3A98D00D1346B /* TableViewCell */ = {
			isa = PBXGroup;
			children = (
				70504D8A24F3A9AC00D1346B /* RecordsTableViewCell.swift */,
			);
			path = TableViewCell;
			sourceTree = "<group>";
		};
		70504D8C24F3A9CD00D1346B /* Models */ = {
			isa = PBXGroup;
			children = (
				70504D8D24F3A9DC00D1346B /* Record.swift */,
			);
			path = Models;
			sourceTree = "<group>";
		};
		70504D9524F3AEB500D1346B /* Network */ = {
			isa = PBXGroup;
			children = (
				70504D9624F3AEB500D1346B /* NetworkClient.swift */,
				70504D9724F3AEB500D1346B /* Requests */,
			);
			path = Network;
			sourceTree = "<group>";
		};
		70504D9724F3AEB500D1346B /* Requests */ = {
			isa = PBXGroup;
			children = (
				70504D9B24F3AF8F00D1346B /* FetchRecordsRequest.swift */,
			);
			path = Requests;
			sourceTree = "<group>";
		};
		7079BC3424F59A3D00C4169B /* Helpers */ = {
			isa = PBXGroup;
			children = (
				7079BC3624F59C1500C4169B /* Record.swift */,
				7079BC3824F59C1F00C4169B /* Error.swift */,
				7079BC3A24F59CBC00C4169B /* RecordsList */,
				7079BC5324F5BDE200C4169B /* Cart */,
			);
			path = Helpers;
			sourceTree = "<group>";
		};
		7079BC3A24F59CBC00C4169B /* RecordsList */ = {
			isa = PBXGroup;
			children = (
				7079BC3B24F59CD500C4169B /* RecordsListViewMock.swift */,
				7079BC3D24F59CEB00C4169B /* RecordsListUseCaseMock.swift */,
				7079BC3F24F59D0200C4169B /* RecordsListTableCellMock.swift */,
			);
			path = RecordsList;
			sourceTree = "<group>";
		};
		7079BC4124F59F0200C4169B /* RecordsListTests */ = {
			isa = PBXGroup;
			children = (
				7079BC4224F59F1F00C4169B /* RecordsListTests.swift */,
			);
			path = RecordsListTests;
			sourceTree = "<group>";
		};
		7079BC4424F5B4E300C4169B /* Cart */ = {
			isa = PBXGroup;
			children = (
				7079BC4524F5B50B00C4169B /* View */,
				7079BC4624F5B51F00C4169B /* ViewModel */,
			);
			path = Cart;
			sourceTree = "<group>";
		};
		7079BC4524F5B50B00C4169B /* View */ = {
			isa = PBXGroup;
			children = (
				7079BC4724F5B54900C4169B /* CartView.swift */,
				7079BC4F24F5B59000C4169B /* CartUILayout.swift */,
				7079BC5124F5B5BD00C4169B /* CartViewController.swift */,
			);
			path = View;
			sourceTree = "<group>";
		};
		7079BC4624F5B51F00C4169B /* ViewModel */ = {
			isa = PBXGroup;
			children = (
				7079BC4B24F5B55F00C4169B /* CartViewModel.swift */,
				7079BC4D24F5B56E00C4169B /* CartViewModelImplementation.swift */,
			);
			path = ViewModel;
			sourceTree = "<group>";
		};
		7079BC5324F5BDE200C4169B /* Cart */ = {
			isa = PBXGroup;
			children = (
				7079BC5424F5BDFF00C4169B /* CartViewMock.swift */,
			);
			path = Cart;
			sourceTree = "<group>";
		};
		7079BC5624F5BE1D00C4169B /* CartTests */ = {
			isa = PBXGroup;
			children = (
				7079BC5724F5BE3100C4169B /* CartTests.swift */,
			);
			path = CartTests;
			sourceTree = "<group>";
		};
		70A7F85524F2F7B90025B24B = {
			isa = PBXGroup;
			children = (
				70A7F86024F2F7B90025B24B /* MusicStore */,
				70A7F87724F2F7BB0025B24B /* MusicStoreTests */,
				70A7F85F24F2F7B90025B24B /* Products */,
			);
			sourceTree = "<group>";
		};
		70A7F85F24F2F7B90025B24B /* Products */ = {
			isa = PBXGroup;
			children = (
				70A7F85E24F2F7B90025B24B /* MusicStore.app */,
				70A7F87424F2F7BB0025B24B /* MusicStoreTests.xctest */,
			);
			name = Products;
			sourceTree = "<group>";
		};
		70A7F86024F2F7B90025B24B /* MusicStore */ = {
			isa = PBXGroup;
			children = (
				70504D7224F38B2F00D1346B /* App */,
				70504D9524F3AEB500D1346B /* Network */,
				70504D7424F38B5400D1346B /* Utils */,
				70504D8C24F3A9CD00D1346B /* Models */,
				70504D8924F3A98D00D1346B /* TableViewCell */,
				70504D7524F38B6D00D1346B /* Scenes */,
				70A7F86A24F2F7BB0025B24B /* Assets.xcassets */,
				70A7F86C24F2F7BB0025B24B /* LaunchScreen.storyboard */,
				7079BC3224F5795900C4169B /* Constants.swift */,
				70A7F86F24F2F7BB0025B24B /* Info.plist */,
			);
			path = MusicStore;
			sourceTree = "<group>";
		};
		70A7F87724F2F7BB0025B24B /* MusicStoreTests */ = {
			isa = PBXGroup;
			children = (
				7079BC3424F59A3D00C4169B /* Helpers */,
				7079BC4124F59F0200C4169B /* RecordsListTests */,
				7079BC5624F5BE1D00C4169B /* CartTests */,
				70A7F87A24F2F7BB0025B24B /* Info.plist */,
			);
			path = MusicStoreTests;
			sourceTree = "<group>";
		};
/* End PBXGroup section */

/* Begin PBXNativeTarget section */
		70A7F85D24F2F7B90025B24B /* MusicStore */ = {
			isa = PBXNativeTarget;
			buildConfigurationList = 70A7F87D24F2F7BB0025B24B /* Build configuration list for PBXNativeTarget "MusicStore" */;
			buildPhases = (
				70A7F85A24F2F7B90025B24B /* Sources */,
				70A7F85B24F2F7B90025B24B /* Frameworks */,
				70A7F85C24F2F7B90025B24B /* Resources */,
			);
			buildRules = (
			);
			dependencies = (
			);
			name = MusicStore;
			productName = MusicStore;
			productReference = 70A7F85E24F2F7B90025B24B /* MusicStore.app */;
			productType = "com.apple.product-type.application";
		};
		70A7F87324F2F7BB0025B24B /* MusicStoreTests */ = {
			isa = PBXNativeTarget;
			buildConfigurationList = 70A7F88024F2F7BB0025B24B /* Build configuration list for PBXNativeTarget "MusicStoreTests" */;
			buildPhases = (
				70A7F87024F2F7BB0025B24B /* Sources */,
				70A7F87124F2F7BB0025B24B /* Frameworks */,
				70A7F87224F2F7BB0025B24B /* Resources */,
			);
			buildRules = (
			);
			dependencies = (
				70A7F87624F2F7BB0025B24B /* PBXTargetDependency */,
			);
			name = MusicStoreTests;
			productName = MusicStoreTests;
			productReference = 70A7F87424F2F7BB0025B24B /* MusicStoreTests.xctest */;
			productType = "com.apple.product-type.bundle.unit-test";
		};
/* End PBXNativeTarget section */

/* Begin PBXProject section */
		70A7F85624F2F7B90025B24B /* Project object */ = {
			isa = PBXProject;
			attributes = {
				LastSwiftUpdateCheck = 1150;
				LastUpgradeCheck = 1150;
				ORGANIZATIONNAME = "Rashmikant Makwana";
				TargetAttributes = {
					70A7F85D24F2F7B90025B24B = {
						CreatedOnToolsVersion = 11.5;
					};
					70A7F87324F2F7BB0025B24B = {
						CreatedOnToolsVersion = 11.5;
						LastSwiftMigration = 1150;
						TestTargetID = 70A7F85D24F2F7B90025B24B;
					};
				};
			};
			buildConfigurationList = 70A7F85924F2F7B90025B24B /* Build configuration list for PBXProject "MusicStore" */;
			compatibilityVersion = "Xcode 9.3";
			developmentRegion = en;
			hasScannedForEncodings = 0;
			knownRegions = (
				en,
				Base,
			);
			mainGroup = 70A7F85524F2F7B90025B24B;
			productRefGroup = 70A7F85F24F2F7B90025B24B /* Products */;
			projectDirPath = "";
			projectRoot = "";
			targets = (
				70A7F85D24F2F7B90025B24B /* MusicStore */,
				70A7F87324F2F7BB0025B24B /* MusicStoreTests */,
			);
		};
/* End PBXProject section */

/* Begin PBXResourcesBuildPhase section */
		70A7F85C24F2F7B90025B24B /* Resources */ = {
			isa = PBXResourcesBuildPhase;
			buildActionMask = 2147483647;
			files = (
				70A7F86E24F2F7BB0025B24B /* LaunchScreen.storyboard in Resources */,
				70A7F86B24F2F7BB0025B24B /* Assets.xcassets in Resources */,
			);
			runOnlyForDeploymentPostprocessing = 0;
		};
		70A7F87224F2F7BB0025B24B /* Resources */ = {
			isa = PBXResourcesBuildPhase;
			buildActionMask = 2147483647;
			files = (
			);
			runOnlyForDeploymentPostprocessing = 0;
		};
/* End PBXResourcesBuildPhase section */

/* Begin PBXSourcesBuildPhase section */
		70A7F85A24F2F7B90025B24B /* Sources */ = {
			isa = PBXSourcesBuildPhase;
			buildActionMask = 2147483647;
			files = (
				70504D8024F38E9A00D1346B /* RecordsListUseCase.swift in Sources */,
				70504D8224F38EAE00D1346B /* RecordsListUseCaseImplementation.swift in Sources */,
				7079BC3124F5652800C4169B /* RecordsListUILayout.swift in Sources */,
				70504D8624F38ECD00D1346B /* RecordsListViewModelImplementation.swift in Sources */,
				70504D8824F38EDB00D1346B /* RecordsListView.swift in Sources */,
				7079BC4C24F5B55F00C4169B /* CartViewModel.swift in Sources */,
				7079BC4E24F5B56E00C4169B /* CartViewModelImplementation.swift in Sources */,
				7079BC3324F5795900C4169B /* Constants.swift in Sources */,
				70504D8E24F3A9DC00D1346B /* Record.swift in Sources */,
				70504D8B24F3A9AC00D1346B /* RecordsTableViewCell.swift in Sources */,
				70504D8424F38EBD00D1346B /* RecordsListViewModel.swift in Sources */,
				70A7F86224F2F7B90025B24B /* AppDelegate.swift in Sources */,
				7079BC5224F5B5BD00C4169B /* CartViewController.swift in Sources */,
				70504D9C24F3AF8F00D1346B /* FetchRecordsRequest.swift in Sources */,
				70504D9E24F4064400D1346B /* CachedImageView.swift in Sources */,
				7079BC5024F5B59000C4169B /* CartUILayout.swift in Sources */,
				70504D9024F3AA8C00D1346B /* RecordsListViewController.swift in Sources */,
				70A7F86424F2F7B90025B24B /* SceneDelegate.swift in Sources */,
				7079BC4824F5B54900C4169B /* CartView.swift in Sources */,
				70504D9924F3AEB600D1346B /* NetworkClient.swift in Sources */,
			);
			runOnlyForDeploymentPostprocessing = 0;
		};
		70A7F87024F2F7BB0025B24B /* Sources */ = {
			isa = PBXSourcesBuildPhase;
			buildActionMask = 2147483647;
			files = (
				7079BC4324F59F1F00C4169B /* RecordsListTests.swift in Sources */,
				7079BC5524F5BDFF00C4169B /* CartViewMock.swift in Sources */,
				7079BC3E24F59CEB00C4169B /* RecordsListUseCaseMock.swift in Sources */,
				7079BC3C24F59CD500C4169B /* RecordsListViewMock.swift in Sources */,
				7079BC4024F59D0200C4169B /* RecordsListTableCellMock.swift in Sources */,
				7079BC3924F59C1F00C4169B /* Error.swift in Sources */,
				7079BC3724F59C1500C4169B /* Record.swift in Sources */,
				7079BC5824F5BE3100C4169B /* CartTests.swift in Sources */,
			);
			runOnlyForDeploymentPostprocessing = 0;
		};
/* End PBXSourcesBuildPhase section */

/* Begin PBXTargetDependency section */
		70A7F87624F2F7BB0025B24B /* PBXTargetDependency */ = {
			isa = PBXTargetDependency;
			target = 70A7F85D24F2F7B90025B24B /* MusicStore */;
			targetProxy = 70A7F87524F2F7BB0025B24B /* PBXContainerItemProxy */;
		};
/* End PBXTargetDependency section */

/* Begin PBXVariantGroup section */
		70A7F86C24F2F7BB0025B24B /* LaunchScreen.storyboard */ = {
			isa = PBXVariantGroup;
			children = (
				70A7F86D24F2F7BB0025B24B /* Base */,
			);
			name = LaunchScreen.storyboard;
			sourceTree = "<group>";
		};
/* End PBXVariantGroup section */

/* Begin XCBuildConfiguration section */
		70A7F87B24F2F7BB0025B24B /* Debug */ = {
			isa = XCBuildConfiguration;
			buildSettings = {
				ALWAYS_SEARCH_USER_PATHS = NO;
				CLANG_ANALYZER_NONNULL = YES;
				CLANG_ANALYZER_NUMBER_OBJECT_CONVERSION = YES_AGGRESSIVE;
				CLANG_CXX_LANGUAGE_STANDARD = "gnu++14";
				CLANG_CXX_LIBRARY = "libc++";
				CLANG_ENABLE_MODULES = YES;
				CLANG_ENABLE_OBJC_ARC = YES;
				CLANG_ENABLE_OBJC_WEAK = YES;
				CLANG_WARN_BLOCK_CAPTURE_AUTORELEASING = YES;
				CLANG_WARN_BOOL_CONVERSION = YES;
				CLANG_WARN_COMMA = YES;
				CLANG_WARN_CONSTANT_CONVERSION = YES;
				CLANG_WARN_DEPRECATED_OBJC_IMPLEMENTATIONS = YES;
				CLANG_WARN_DIRECT_OBJC_ISA_USAGE = YES_ERROR;
				CLANG_WARN_DOCUMENTATION_COMMENTS = YES;
				CLANG_WARN_EMPTY_BODY = YES;
				CLANG_WARN_ENUM_CONVERSION = YES;
				CLANG_WARN_INFINITE_RECURSION = YES;
				CLANG_WARN_INT_CONVERSION = YES;
				CLANG_WARN_NON_LITERAL_NULL_CONVERSION = YES;
				CLANG_WARN_OBJC_IMPLICIT_RETAIN_SELF = YES;
				CLANG_WARN_OBJC_LITERAL_CONVERSION = YES;
				CLANG_WARN_OBJC_ROOT_CLASS = YES_ERROR;
				CLANG_WARN_RANGE_LOOP_ANALYSIS = YES;
				CLANG_WARN_STRICT_PROTOTYPES = YES;
				CLANG_WARN_SUSPICIOUS_MOVE = YES;
				CLANG_WARN_UNGUARDED_AVAILABILITY = YES_AGGRESSIVE;
				CLANG_WARN_UNREACHABLE_CODE = YES;
				CLANG_WARN__DUPLICATE_METHOD_MATCH = YES;
				COPY_PHASE_STRIP = NO;
				DEBUG_INFORMATION_FORMAT = dwarf;
				ENABLE_STRICT_OBJC_MSGSEND = YES;
				ENABLE_TESTABILITY = YES;
				GCC_C_LANGUAGE_STANDARD = gnu11;
				GCC_DYNAMIC_NO_PIC = NO;
				GCC_NO_COMMON_BLOCKS = YES;
				GCC_OPTIMIZATION_LEVEL = 0;
				GCC_PREPROCESSOR_DEFINITIONS = (
					"DEBUG=1",
					"$(inherited)",
				);
				GCC_WARN_64_TO_32_BIT_CONVERSION = YES;
				GCC_WARN_ABOUT_RETURN_TYPE = YES_ERROR;
				GCC_WARN_UNDECLARED_SELECTOR = YES;
				GCC_WARN_UNINITIALIZED_AUTOS = YES_AGGRESSIVE;
				GCC_WARN_UNUSED_FUNCTION = YES;
				GCC_WARN_UNUSED_VARIABLE = YES;
				IPHONEOS_DEPLOYMENT_TARGET = 13.5;
				MTL_ENABLE_DEBUG_INFO = INCLUDE_SOURCE;
				MTL_FAST_MATH = YES;
				ONLY_ACTIVE_ARCH = YES;
				SDKROOT = iphoneos;
				SWIFT_ACTIVE_COMPILATION_CONDITIONS = DEBUG;
				SWIFT_OPTIMIZATION_LEVEL = "-Onone";
			};
			name = Debug;
		};
		70A7F87C24F2F7BB0025B24B /* Release */ = {
			isa = XCBuildConfiguration;
			buildSettings = {
				ALWAYS_SEARCH_USER_PATHS = NO;
				CLANG_ANALYZER_NONNULL = YES;
				CLANG_ANALYZER_NUMBER_OBJECT_CONVERSION = YES_AGGRESSIVE;
				CLANG_CXX_LANGUAGE_STANDARD = "gnu++14";
				CLANG_CXX_LIBRARY = "libc++";
				CLANG_ENABLE_MODULES = YES;
				CLANG_ENABLE_OBJC_ARC = YES;
				CLANG_ENABLE_OBJC_WEAK = YES;
				CLANG_WARN_BLOCK_CAPTURE_AUTORELEASING = YES;
				CLANG_WARN_BOOL_CONVERSION = YES;
				CLANG_WARN_COMMA = YES;
				CLANG_WARN_CONSTANT_CONVERSION = YES;
				CLANG_WARN_DEPRECATED_OBJC_IMPLEMENTATIONS = YES;
				CLANG_WARN_DIRECT_OBJC_ISA_USAGE = YES_ERROR;
				CLANG_WARN_DOCUMENTATION_COMMENTS = YES;
				CLANG_WARN_EMPTY_BODY = YES;
				CLANG_WARN_ENUM_CONVERSION = YES;
				CLANG_WARN_INFINITE_RECURSION = YES;
				CLANG_WARN_INT_CONVERSION = YES;
				CLANG_WARN_NON_LITERAL_NULL_CONVERSION = YES;
				CLANG_WARN_OBJC_IMPLICIT_RETAIN_SELF = YES;
				CLANG_WARN_OBJC_LITERAL_CONVERSION = YES;
				CLANG_WARN_OBJC_ROOT_CLASS = YES_ERROR;
				CLANG_WARN_RANGE_LOOP_ANALYSIS = YES;
				CLANG_WARN_STRICT_PROTOTYPES = YES;
				CLANG_WARN_SUSPICIOUS_MOVE = YES;
				CLANG_WARN_UNGUARDED_AVAILABILITY = YES_AGGRESSIVE;
				CLANG_WARN_UNREACHABLE_CODE = YES;
				CLANG_WARN__DUPLICATE_METHOD_MATCH = YES;
				COPY_PHASE_STRIP = NO;
				DEBUG_INFORMATION_FORMAT = "dwarf-with-dsym";
				ENABLE_NS_ASSERTIONS = NO;
				ENABLE_STRICT_OBJC_MSGSEND = YES;
				GCC_C_LANGUAGE_STANDARD = gnu11;
				GCC_NO_COMMON_BLOCKS = YES;
				GCC_WARN_64_TO_32_BIT_CONVERSION = YES;
				GCC_WARN_ABOUT_RETURN_TYPE = YES_ERROR;
				GCC_WARN_UNDECLARED_SELECTOR = YES;
				GCC_WARN_UNINITIALIZED_AUTOS = YES_AGGRESSIVE;
				GCC_WARN_UNUSED_FUNCTION = YES;
				GCC_WARN_UNUSED_VARIABLE = YES;
				IPHONEOS_DEPLOYMENT_TARGET = 13.5;
				MTL_ENABLE_DEBUG_INFO = NO;
				MTL_FAST_MATH = YES;
				SDKROOT = iphoneos;
				SWIFT_COMPILATION_MODE = wholemodule;
				SWIFT_OPTIMIZATION_LEVEL = "-O";
				VALIDATE_PRODUCT = YES;
			};
			name = Release;
		};
		70A7F87E24F2F7BB0025B24B /* Debug */ = {
			isa = XCBuildConfiguration;
			buildSettings = {
				ASSETCATALOG_COMPILER_APPICON_NAME = AppIcon;
				CODE_SIGN_STYLE = Automatic;
				INFOPLIST_FILE = MusicStore/Info.plist;
				LD_RUNPATH_SEARCH_PATHS = (
					"$(inherited)",
					"@executable_path/Frameworks",
				);
				PRODUCT_BUNDLE_IDENTIFIER = com.brainforked.MusicStore;
				PRODUCT_NAME = "$(TARGET_NAME)";
				SWIFT_VERSION = 5.0;
				TARGETED_DEVICE_FAMILY = "1,2";
			};
			name = Debug;
		};
		70A7F87F24F2F7BB0025B24B /* Release */ = {
			isa = XCBuildConfiguration;
			buildSettings = {
				ASSETCATALOG_COMPILER_APPICON_NAME = AppIcon;
				CODE_SIGN_STYLE = Automatic;
				INFOPLIST_FILE = MusicStore/Info.plist;
				LD_RUNPATH_SEARCH_PATHS = (
					"$(inherited)",
					"@executable_path/Frameworks",
				);
				PRODUCT_BUNDLE_IDENTIFIER = com.brainforked.MusicStore;
				PRODUCT_NAME = "$(TARGET_NAME)";
				SWIFT_VERSION = 5.0;
				TARGETED_DEVICE_FAMILY = "1,2";
			};
			name = Release;
		};
		70A7F88124F2F7BB0025B24B /* Debug */ = {
			isa = XCBuildConfiguration;
			buildSettings = {
				ALWAYS_EMBED_SWIFT_STANDARD_LIBRARIES = YES;
				BUNDLE_LOADER = "$(TEST_HOST)";
				CLANG_ENABLE_MODULES = YES;
				CODE_SIGN_STYLE = Automatic;
				INFOPLIST_FILE = MusicStoreTests/Info.plist;
				IPHONEOS_DEPLOYMENT_TARGET = 13.5;
				LD_RUNPATH_SEARCH_PATHS = (
					"$(inherited)",
					"@executable_path/Frameworks",
					"@loader_path/Frameworks",
				);
				PRODUCT_BUNDLE_IDENTIFIER = com.brainforked.MusicStoreTests;
				PRODUCT_NAME = "$(TARGET_NAME)";
				SWIFT_OBJC_BRIDGING_HEADER = "";
				SWIFT_OPTIMIZATION_LEVEL = "-Onone";
				SWIFT_VERSION = 5.0;
				TARGETED_DEVICE_FAMILY = "1,2";
				TEST_HOST = "$(BUILT_PRODUCTS_DIR)/MusicStore.app/MusicStore";
			};
			name = Debug;
		};
		70A7F88224F2F7BB0025B24B /* Release */ = {
			isa = XCBuildConfiguration;
			buildSettings = {
				ALWAYS_EMBED_SWIFT_STANDARD_LIBRARIES = YES;
				BUNDLE_LOADER = "$(TEST_HOST)";
				CLANG_ENABLE_MODULES = YES;
				CODE_SIGN_STYLE = Automatic;
				INFOPLIST_FILE = MusicStoreTests/Info.plist;
				IPHONEOS_DEPLOYMENT_TARGET = 13.5;
				LD_RUNPATH_SEARCH_PATHS = (
					"$(inherited)",
					"@executable_path/Frameworks",
					"@loader_path/Frameworks",
				);
				PRODUCT_BUNDLE_IDENTIFIER = com.brainforked.MusicStoreTests;
				PRODUCT_NAME = "$(TARGET_NAME)";
				SWIFT_OBJC_BRIDGING_HEADER = "";
				SWIFT_VERSION = 5.0;
				TARGETED_DEVICE_FAMILY = "1,2";
				TEST_HOST = "$(BUILT_PRODUCTS_DIR)/MusicStore.app/MusicStore";
			};
			name = Release;
		};
/* End XCBuildConfiguration section */

/* Begin XCConfigurationList section */
		70A7F85924F2F7B90025B24B /* Build configuration list for PBXProject "MusicStore" */ = {
			isa = XCConfigurationList;
			buildConfigurations = (
				70A7F87B24F2F7BB0025B24B /* Debug */,
				70A7F87C24F2F7BB0025B24B /* Release */,
			);
			defaultConfigurationIsVisible = 0;
			defaultConfigurationName = Release;
		};
		70A7F87D24F2F7BB0025B24B /* Build configuration list for PBXNativeTarget "MusicStore" */ = {
			isa = XCConfigurationList;
			buildConfigurations = (
				70A7F87E24F2F7BB0025B24B /* Debug */,
				70A7F87F24F2F7BB0025B24B /* Release */,
			);
			defaultConfigurationIsVisible = 0;
			defaultConfigurationName = Release;
		};
		70A7F88024F2F7BB0025B24B /* Build configuration list for PBXNativeTarget "MusicStoreTests" */ = {
			isa = XCConfigurationList;
			buildConfigurations = (
				70A7F88124F2F7BB0025B24B /* Debug */,
				70A7F88224F2F7BB0025B24B /* Release */,
			);
			defaultConfigurationIsVisible = 0;
			defaultConfigurationName = Release;
		};
/* End XCConfigurationList section */
	};
	rootObject = 70A7F85624F2F7B90025B24B /* Project object */;
}
